
Microsoft Visual Studio Solution File, Format Version 12.00
# Visual Studio Version 16
VisualStudioVersion = 16.0.31624.102
MinimumVisualStudioVersion = 10.0.40219.1
Project("{FAE04EC0-301F-11D3-BF4B-00C04F79EFBC}") = "LyricsSlide", "LyricsSlide\LyricsSlide.csproj", "{DA59425C-1D9B-4E43-B3E9-D95B5CBAD058}"
EndProject
Global
	GlobalSection(SolutionConfigurationPlatforms) = preSolution
		Debug|Any CPU = Debug|Any CPU
		Release|Any CPU = Release|Any CPU
	EndGlobalSection
	GlobalSection(ProjectConfigurationPlatforms) = postSolution
		{DA59425C-1D9B-4E43-B3E9-D95B5CBAD058}.Debug|Any CPU.ActiveCfg = Debug|Any CPU
		{DA59425C-1D9B-4E43-B3E9-D95B5CBAD058}.Debug|Any CPU.Build.0 = Debug|Any CPU
		{DA59425C-1D9B-4E43-B3E9-D95B5CBAD058}.Release|Any CPU.ActiveCfg = Release|Any CPU
		{DA59425C-1D9B-4E43-B3E9-D95B5CBAD058}.Release|Any CPU.Build.0 = Release|Any CPU
	EndGlobalSection
	GlobalSection(SolutionProperties) = preSolution
		HideSolutionNode = FALSE
	EndGlobalSection
	GlobalSection(ExtensibilityGlobals) = postSolution
		SolutionGuid = {50B2939C-3964-462F-AF47-1B99D2920BA4}
	EndGlobalSection
EndGlobal
